
Microsoft Visual Studio Solution File, Format Version 12.00
# Visual Studio Version 17
VisualStudioVersion = 17.9.34728.123
MinimumVisualStudioVersion = 10.0.40219.1
Project("{FAE04EC0-301F-11D3-BF4B-00C04F79EFBC}") = "APIBurger_DanielaMora", "APIBurger_DanielaMora\APIBurger_DanielaMora.csproj", "{BE999922-6FFD-40F5-97F2-E4ACB1EDBE40}"
EndProject
Global
	GlobalSection(SolutionConfigurationPlatforms) = preSolution
		Debug|Any CPU = Debug|Any CPU
		Release|Any CPU = Release|Any CPU
	EndGlobalSection
	GlobalSection(ProjectConfigurationPlatforms) = postSolution
		{BE999922-6FFD-40F5-97F2-E4ACB1EDBE40}.Debug|Any CPU.ActiveCfg = Debug|Any CPU
		{BE999922-6FFD-40F5-97F2-E4ACB1EDBE40}.Debug|Any CPU.Build.0 = Debug|Any CPU
		{BE999922-6FFD-40F5-97F2-E4ACB1EDBE40}.Release|Any CPU.ActiveCfg = Release|Any CPU
		{BE999922-6FFD-40F5-97F2-E4ACB1EDBE40}.Release|Any CPU.Build.0 = Release|Any CPU
	EndGlobalSection
	GlobalSection(SolutionProperties) = preSolution
		HideSolutionNode = FALSE
	EndGlobalSection
	GlobalSection(ExtensibilityGlobals) = postSolution
		SolutionGuid = {BB135B46-665B-4C53-84E7-18A4E62D9504}
	EndGlobalSection
EndGlobal
